
Microsoft Visual Studio Solution File, Format Version 12.00
# Visual Studio 15
Project("{FAE04EC0-301F-11D3-BF4B-00C04F79EFBC}") = "Assembly-CSharp", "Assembly-CSharp.csproj", "{0DF876CF-B179-278B-2679-B14AB2B29475}"
EndProject
Global
	GlobalSection(SolutionConfigurationPlatforms) = preSolution
		Debug|Any CPU = Debug|Any CPU
		Release|Any CPU = Release|Any CPU
	EndGlobalSection
	GlobalSection(ProjectConfigurationPlatforms) = postSolution
		{0DF876CF-B179-278B-2679-B14AB2B29475}.Debug|Any CPU.ActiveCfg = Debug|Any CPU
		{0DF876CF-B179-278B-2679-B14AB2B29475}.Debug|Any CPU.Build.0 = Debug|Any CPU
		{0DF876CF-B179-278B-2679-B14AB2B29475}.Release|Any CPU.ActiveCfg = Release|Any CPU
		{0DF876CF-B179-278B-2679-B14AB2B29475}.Release|Any CPU.Build.0 = Release|Any CPU
	EndGlobalSection
	GlobalSection(SolutionProperties) = preSolution
		HideSolutionNode = FALSE
	EndGlobalSection
EndGlobal
